
Microsoft Visual Studio Solution File, Format Version 12.00
# Visual Studio Version 17
VisualStudioVersion = 17.8.34330.188
MinimumVisualStudioVersion = 10.0.40219.1
Project("{54A90642-561A-4BB1-A94E-469ADEE60C69}") = "FrontEnd", "FrontEnd.esproj", "{D5C6EB7C-8126-4FD2-A691-AB72061BB9C9}"
EndProject
Project("{9A19103F-16F7-4668-BE54-9A1E7A4F7556}") = "API", "..\API\API.csproj", "{FCC163E5-940A-4CF7-BBE5-822C103C5B4E}"
EndProject
Global
	GlobalSection(SolutionConfigurationPlatforms) = preSolution
		Debug|Any CPU = Debug|Any CPU
		Release|Any CPU = Release|Any CPU
	EndGlobalSection
	GlobalSection(ProjectConfigurationPlatforms) = postSolution
		{D5C6EB7C-8126-4FD2-A691-AB72061BB9C9}.Debug|Any CPU.ActiveCfg = Debug|Any CPU
		{D5C6EB7C-8126-4FD2-A691-AB72061BB9C9}.Debug|Any CPU.Build.0 = Debug|Any CPU
		{D5C6EB7C-8126-4FD2-A691-AB72061BB9C9}.Debug|Any CPU.Deploy.0 = Debug|Any CPU
		{D5C6EB7C-8126-4FD2-A691-AB72061BB9C9}.Release|Any CPU.ActiveCfg = Release|Any CPU
		{D5C6EB7C-8126-4FD2-A691-AB72061BB9C9}.Release|Any CPU.Build.0 = Release|Any CPU
		{D5C6EB7C-8126-4FD2-A691-AB72061BB9C9}.Release|Any CPU.Deploy.0 = Release|Any CPU
		{FCC163E5-940A-4CF7-BBE5-822C103C5B4E}.Debug|Any CPU.ActiveCfg = Debug|Any CPU
		{FCC163E5-940A-4CF7-BBE5-822C103C5B4E}.Debug|Any CPU.Build.0 = Debug|Any CPU
		{FCC163E5-940A-4CF7-BBE5-822C103C5B4E}.Release|Any CPU.ActiveCfg = Release|Any CPU
		{FCC163E5-940A-4CF7-BBE5-822C103C5B4E}.Release|Any CPU.Build.0 = Release|Any CPU
	EndGlobalSection
	GlobalSection(SolutionProperties) = preSolution
		HideSolutionNode = FALSE
	EndGlobalSection
	GlobalSection(ExtensibilityGlobals) = postSolution
		SolutionGuid = {54AD9FB9-227A-478C-A28E-F370CB020897}
	EndGlobalSection
EndGlobal
